
Microsoft Visual Studio Solution File, Format Version 12.00
# Visual Studio Version 17
VisualStudioVersion = 17.1.32407.343
MinimumVisualStudioVersion = 10.0.40219.1
Project("{8BC9CEB8-8B4A-11D0-8D11-00A0C91BC942}") = "BankAccountsProject", "BankAccountsProject\BankAccountsProject.vcxproj", "{DC31CCBE-2A7E-43DD-A798-40825FA53859}"
EndProject
Global
	GlobalSection(SolutionConfigurationPlatforms) = preSolution
		Debug|x64 = Debug|x64
		Debug|x86 = Debug|x86
		Release|x64 = Release|x64
		Release|x86 = Release|x86
	EndGlobalSection
	GlobalSection(ProjectConfigurationPlatforms) = postSolution
		{DC31CCBE-2A7E-43DD-A798-40825FA53859}.Debug|x64.ActiveCfg = Debug|x64
		{DC31CCBE-2A7E-43DD-A798-40825FA53859}.Debug|x64.Build.0 = Debug|x64
		{DC31CCBE-2A7E-43DD-A798-40825FA53859}.Debug|x86.ActiveCfg = Debug|Win32
		{DC31CCBE-2A7E-43DD-A798-40825FA53859}.Debug|x86.Build.0 = Debug|Win32
		{DC31CCBE-2A7E-43DD-A798-40825FA53859}.Release|x64.ActiveCfg = Release|x64
		{DC31CCBE-2A7E-43DD-A798-40825FA53859}.Release|x64.Build.0 = Release|x64
		{DC31CCBE-2A7E-43DD-A798-40825FA53859}.Release|x86.ActiveCfg = Release|Win32
		{DC31CCBE-2A7E-43DD-A798-40825FA53859}.Release|x86.Build.0 = Release|Win32
	EndGlobalSection
	GlobalSection(SolutionProperties) = preSolution
		HideSolutionNode = FALSE
	EndGlobalSection
	GlobalSection(ExtensibilityGlobals) = postSolution
		SolutionGuid = {D5CB5310-28C7-4AA5-BF70-33576787A3B7}
	EndGlobalSection
EndGlobal
